{
  "requires": true,
  "lockfileVersion": 1,
  "dependencies": {
    "@types/chrome": {
      "version": "0.0.145",
      "resolved": "https://registry.npmjs.org/@types/chrome/-/chrome-0.0.145.tgz",
      "integrity": "sha512-vLvTMmfc8mvwOZzkmn2UwlWSNu0t0txBkyuIv8NgihRkvFCe6XJX65YZAgAP/RdBit3enhU2GTxCr+prn4uZmA==",
      "requires": {
        "@types/filesystem": "*",
        "@types/har-format": "*"
      }
    },
    "@types/filesystem": {
      "version": "0.0.31",
      "resolved": "https://registry.npmjs.org/@types/filesystem/-/filesystem-0.0.31.tgz",
      "integrity": "sha512-9Dj1Gb7ZhknhJ8J1H/lTQrEorwIHWZlO9Tfi0WMrvyO1+2GUIUF8Sg4zrID77hj0ywArzQRJ1MwlT9H7c9QmEQ==",
      "requires": {
        "@types/filewriter": "*"
      }
    },
    "@types/filewriter": {
      "version": "0.0.29",
      "resolved": "https://registry.npmjs.org/@types/filewriter/-/filewriter-0.0.29.tgz",
      "integrity": "sha512-BsPXH/irW0ht0Ji6iw/jJaK8Lj3FJemon2gvEqHKpCdDCeemHa+rI3WBGq5z7cDMZgoLjY40oninGxqk+8NzNQ=="
    },
    "@types/har-format": {
      "version": "1.2.6",
      "resolved": "https://registry.npmjs.org/@types/har-format/-/har-format-1.2.6.tgz",
      "integrity": "sha512-TeZjp4COiAWPOeGx1tuFJETr/SBMx80lxqeqnCC36ZVn463f7ElCdA3X9RzDuo3BHjhN4apw41A5uoIw5FzgWA=="
    }
  }
}
